
Microsoft Visual Studio Solution File, Format Version 12.00
# Visual Studio 2012
Project("{FAE04EC0-301F-11D3-BF4B-00C04F79EFBC}") = "WoWSharp_WPF", "WoWSharp_WPF\WoWSharp_WPF.csproj", "{51519023-411F-4069-80AD-01546C825DB3}"
EndProject
Project("{FAE04EC0-301F-11D3-BF4B-00C04F79EFBC}") = "WoWSharp_Metro", "WoWSharp_Metro\WoWSharp_Metro.csproj", "{B1F1353A-47F4-400D-A9EF-AA8D29F60061}"
EndProject
Project("{FAE04EC0-301F-11D3-BF4B-00C04F79EFBC}") = "WoWSharp_API", "WoWSharp_API\WoWSharp_API.csproj", "{BEFCC51B-CB39-46EC-B14E-4FA4ECCB37DC}"
EndProject
Project("{2150E333-8FDC-42A3-9474-1A3956D46DE8}") = ".nuget", ".nuget", "{FA05C5E0-98B8-41BC-AE17-0D554D3E3752}"
	ProjectSection(SolutionItems) = preProject
		.nuget\NuGet.Config = .nuget\NuGet.Config
		.nuget\NuGet.exe = .nuget\NuGet.exe
		.nuget\NuGet.targets = .nuget\NuGet.targets
	EndProjectSection
EndProject
Global
	GlobalSection(SolutionConfigurationPlatforms) = preSolution
		Debug|Any CPU = Debug|Any CPU
		Debug|ARM = Debug|ARM
		Debug|x64 = Debug|x64
		Debug|x86 = Debug|x86
		Release|Any CPU = Release|Any CPU
		Release|ARM = Release|ARM
		Release|x64 = Release|x64
		Release|x86 = Release|x86
	EndGlobalSection
	GlobalSection(ProjectConfigurationPlatforms) = postSolution
		{51519023-411F-4069-80AD-01546C825DB3}.Debug|Any CPU.ActiveCfg = Debug|Any CPU
		{51519023-411F-4069-80AD-01546C825DB3}.Debug|Any CPU.Build.0 = Debug|Any CPU
		{51519023-411F-4069-80AD-01546C825DB3}.Debug|ARM.ActiveCfg = Debug|Any CPU
		{51519023-411F-4069-80AD-01546C825DB3}.Debug|x64.ActiveCfg = Debug|Any CPU
		{51519023-411F-4069-80AD-01546C825DB3}.Debug|x86.ActiveCfg = Debug|Any CPU
		{51519023-411F-4069-80AD-01546C825DB3}.Release|Any CPU.ActiveCfg = Release|Any CPU
		{51519023-411F-4069-80AD-01546C825DB3}.Release|Any CPU.Build.0 = Release|Any CPU
		{51519023-411F-4069-80AD-01546C825DB3}.Release|ARM.ActiveCfg = Release|Any CPU
		{51519023-411F-4069-80AD-01546C825DB3}.Release|x64.ActiveCfg = Release|Any CPU
		{51519023-411F-4069-80AD-01546C825DB3}.Release|x86.ActiveCfg = Release|Any CPU
		{B1F1353A-47F4-400D-A9EF-AA8D29F60061}.Debug|Any CPU.ActiveCfg = Debug|Any CPU
		{B1F1353A-47F4-400D-A9EF-AA8D29F60061}.Debug|Any CPU.Build.0 = Debug|Any CPU
		{B1F1353A-47F4-400D-A9EF-AA8D29F60061}.Debug|Any CPU.Deploy.0 = Debug|Any CPU
		{B1F1353A-47F4-400D-A9EF-AA8D29F60061}.Debug|ARM.ActiveCfg = Debug|ARM
		{B1F1353A-47F4-400D-A9EF-AA8D29F60061}.Debug|ARM.Build.0 = Debug|ARM
		{B1F1353A-47F4-400D-A9EF-AA8D29F60061}.Debug|ARM.Deploy.0 = Debug|ARM
		{B1F1353A-47F4-400D-A9EF-AA8D29F60061}.Debug|x64.ActiveCfg = Debug|x64
		{B1F1353A-47F4-400D-A9EF-AA8D29F60061}.Debug|x64.Build.0 = Debug|x64
		{B1F1353A-47F4-400D-A9EF-AA8D29F60061}.Debug|x64.Deploy.0 = Debug|x64
		{B1F1353A-47F4-400D-A9EF-AA8D29F60061}.Debug|x86.ActiveCfg = Debug|x86
		{B1F1353A-47F4-400D-A9EF-AA8D29F60061}.Debug|x86.Build.0 = Debug|x86
		{B1F1353A-47F4-400D-A9EF-AA8D29F60061}.Debug|x86.Deploy.0 = Debug|x86
		{B1F1353A-47F4-400D-A9EF-AA8D29F60061}.Release|Any CPU.ActiveCfg = Release|Any CPU
		{B1F1353A-47F4-400D-A9EF-AA8D29F60061}.Release|Any CPU.Build.0 = Release|Any CPU
		{B1F1353A-47F4-400D-A9EF-AA8D29F60061}.Release|Any CPU.Deploy.0 = Release|Any CPU
		{B1F1353A-47F4-400D-A9EF-AA8D29F60061}.Release|ARM.ActiveCfg = Release|ARM
		{B1F1353A-47F4-400D-A9EF-AA8D29F60061}.Release|ARM.Build.0 = Release|ARM
		{B1F1353A-47F4-400D-A9EF-AA8D29F60061}.Release|ARM.Deploy.0 = Release|ARM
		{B1F1353A-47F4-400D-A9EF-AA8D29F60061}.Release|x64.ActiveCfg = Release|x64
		{B1F1353A-47F4-400D-A9EF-AA8D29F60061}.Release|x64.Build.0 = Release|x64
		{B1F1353A-47F4-400D-A9EF-AA8D29F60061}.Release|x64.Deploy.0 = Release|x64
		{B1F1353A-47F4-400D-A9EF-AA8D29F60061}.Release|x86.ActiveCfg = Release|x86
		{B1F1353A-47F4-400D-A9EF-AA8D29F60061}.Release|x86.Build.0 = Release|x86
		{B1F1353A-47F4-400D-A9EF-AA8D29F60061}.Release|x86.Deploy.0 = Release|x86
		{BEFCC51B-CB39-46EC-B14E-4FA4ECCB37DC}.Debug|Any CPU.ActiveCfg = Debug|Any CPU
		{BEFCC51B-CB39-46EC-B14E-4FA4ECCB37DC}.Debug|Any CPU.Build.0 = Debug|Any CPU
		{BEFCC51B-CB39-46EC-B14E-4FA4ECCB37DC}.Debug|ARM.ActiveCfg = Debug|Any CPU
		{BEFCC51B-CB39-46EC-B14E-4FA4ECCB37DC}.Debug|x64.ActiveCfg = Debug|Any CPU
		{BEFCC51B-CB39-46EC-B14E-4FA4ECCB37DC}.Debug|x86.ActiveCfg = Debug|Any CPU
		{BEFCC51B-CB39-46EC-B14E-4FA4ECCB37DC}.Release|Any CPU.ActiveCfg = Release|Any CPU
		{BEFCC51B-CB39-46EC-B14E-4FA4ECCB37DC}.Release|Any CPU.Build.0 = Release|Any CPU
		{BEFCC51B-CB39-46EC-B14E-4FA4ECCB37DC}.Release|ARM.ActiveCfg = Release|Any CPU
		{BEFCC51B-CB39-46EC-B14E-4FA4ECCB37DC}.Release|x64.ActiveCfg = Release|Any CPU
		{BEFCC51B-CB39-46EC-B14E-4FA4ECCB37DC}.Release|x86.ActiveCfg = Release|Any CPU
	EndGlobalSection
	GlobalSection(SolutionProperties) = preSolution
		HideSolutionNode = FALSE
	EndGlobalSection
EndGlobal
